
Microsoft Visual Studio Solution File, Format Version 12.00
# Visual Studio Version 16
VisualStudioVersion = 16.0.32126.315
MinimumVisualStudioVersion = 10.0.40219.1
Project("{FAE04EC0-301F-11D3-BF4B-00C04F79EFBC}") = "PointofSaleSoftware", "PointofSaleSoftware.csproj", "{8EED00CD-448B-4564-AFB3-C2795D190780}"
EndProject
Project("{54435603-DBB4-11D2-8724-00A0C9A8B90C}") = "myPOS", "..\myPOS\myPOS.vdproj", "{AA6A17C0-5250-4F89-863D-0ACAC14F0E10}"
EndProject
Global
	GlobalSection(SolutionConfigurationPlatforms) = preSolution
		Debug|Any CPU = Debug|Any CPU
		Release|Any CPU = Release|Any CPU
	EndGlobalSection
	GlobalSection(ProjectConfigurationPlatforms) = postSolution
		{8EED00CD-448B-4564-AFB3-C2795D190780}.Debug|Any CPU.ActiveCfg = Debug|Any CPU
		{8EED00CD-448B-4564-AFB3-C2795D190780}.Debug|Any CPU.Build.0 = Debug|Any CPU
		{8EED00CD-448B-4564-AFB3-C2795D190780}.Release|Any CPU.ActiveCfg = Release|Any CPU
		{8EED00CD-448B-4564-AFB3-C2795D190780}.Release|Any CPU.Build.0 = Release|Any CPU
		{AA6A17C0-5250-4F89-863D-0ACAC14F0E10}.Debug|Any CPU.ActiveCfg = Debug
		{AA6A17C0-5250-4F89-863D-0ACAC14F0E10}.Release|Any CPU.ActiveCfg = Release
	EndGlobalSection
	GlobalSection(SolutionProperties) = preSolution
		HideSolutionNode = FALSE
	EndGlobalSection
	GlobalSection(ExtensibilityGlobals) = postSolution
		SolutionGuid = {48C7A63A-C75D-4F3F-A00D-AEA70FF3A083}
	EndGlobalSection
EndGlobal
